<?xml version="1.0" encoding="UTF-8"?>
<CONFIG>
  <ProjectOptions>
    <Version Value="12"></Version>
    <General>
      <SessionStorage Value="InProjectDir"></SessionStorage>
      <Title Value="project1"></Title>
      <Scaled Value="True"></Scaled>
      <ResourceType Value="res"></ResourceType>
      <UseXPManifest Value="True"></UseXPManifest>
      <XPManifest>
        <DpiAware Value="True"></DpiAware>
      </XPManifest>
      <Icon Value="0"></Icon>
    </General>
    <VersionInfo>
      <UseVersionInfo Value="True"></UseVersionInfo>
      <MajorVersionNr Value="3"></MajorVersionNr>
      <MinorVersionNr Value="0"></MinorVersionNr>
      <RevisionNr Value="1"></RevisionNr>
      <BuildNr Value="0"></BuildNr>
    </VersionInfo>
    <BuildModes>
      <Item Name="Default" Default="True"></Item>
    </BuildModes>
    <PublishOptions>
      <Version Value="2"></Version>
      <UseFileFilters Value="True"></UseFileFilters>
    </PublishOptions>
    <RunParams>
      <FormatVersion Value="2"></FormatVersion>
    </RunParams>
    <RequiredPackages>
      <Item>
        <PackageName Value="LCL"></PackageName>
      </Item>
    </RequiredPackages>
    <Units>
      <Unit>
        <Filename Value="project1.lpr"></Filename>
        <IsPartOfProject Value="True"></IsPartOfProject>
      </Unit>
      <Unit>
        <Filename Value="main.pas"></Filename>
        <IsPartOfProject Value="True"></IsPartOfProject>
        <ComponentName Value="Form1"></ComponentName>
        <HasResources Value="True"></HasResources>
        <ResourceBaseClass Value="Form"></ResourceBaseClass>
      </Unit>
    </Units>
  </ProjectOptions>
  <CompilerOptions>
    <Version Value="11"></Version>
    <Target>
      <Filename Value="project1"></Filename>
    </Target>
    <SearchPaths>
      <IncludeFiles Value="$(ProjOutDir)"></IncludeFiles>
      <UnitOutputDirectory Value="lib/$(TargetCPU)-$(TargetOS)"></UnitOutputDirectory>
    </SearchPaths>
    <Linking>
      <Debugging>
        <DebugInfoType Value="dsDwarf3"></DebugInfoType>
      </Debugging>
      <Options>
        <Win32>
          <GraphicApplication Value="True"></GraphicApplication>
        </Win32>
      </Options>
    </Linking>
  </CompilerOptions>
  <Debugging>
    <Exceptions>
      <Item>
        <Name Value="EAbort"></Name>
      </Item>
      <Item>
        <Name Value="ECodetoolError"></Name>
      </Item>
      <Item>
        <Name Value="EFOpenError"></Name>
      </Item>
    </Exceptions>
  </Debugging>
</CONFIG>
